// !$*UTF8*$!
{
	archiveVersion = 1;
	classes = {
	};
	objectVersion = 46;
	objects = {

/* Begin PBXBuildFile section */
		0D8810AF1E647CC00084905D /* main.m in Sources */ = {isa = PBXBuildFile; fileRef = 0D8810AE1E647CC00084905D /* main.m */; };
		0D8810B21E647CC00084905D /* AppDelegate.m in Sources */ = {isa = PBXBuildFile; fileRef = 0D8810B11E647CC00084905D /* AppDelegate.m */; };
		0D8810B51E647CC00084905D /* ViewController.m in Sources */ = {isa = PBXBuildFile; fileRef = 0D8810B41E647CC00084905D /* ViewController.m */; };
		0D8810B81E647CC00084905D /* Main.storyboard in Resources */ = {isa = PBXBuildFile; fileRef = 0D8810B61E647CC00084905D /* Main.storyboard */; };
		0D8810BD1E647CC00084905D /* LaunchScreen.storyboard in Resources */ = {isa = PBXBuildFile; fileRef = 0D8810BB1E647CC00084905D /* LaunchScreen.storyboard */; };
		0DED319F1E683E83004DE806 /* Assets.xcassets in Resources */ = {isa = PBXBuildFile; fileRef = 0DED319E1E683E83004DE806 /* Assets.xcassets */; };
/* End PBXBuildFile section */

/* Begin PBXFileReference section */
		0D8810AA1E647CC00084905D /* DoorOpen.app */ = {isa = PBXFileReference; explicitFileType = wrapper.application; includeInIndex = 0; path = DoorOpen.app; sourceTree = BUILT_PRODUCTS_DIR; };
		0D8810AE1E647CC00084905D /* main.m */ = {isa = PBXFileReference; lastKnownFileType = sourcecode.c.objc; path = main.m; sourceTree = "<group>"; };
		0D8810B01E647CC00084905D /* AppDelegate.h */ = {isa = PBXFileReference; lastKnownFileType = sourcecode.c.h; path = AppDelegate.h; sourceTree = "<group>"; };
		0D8810B11E647CC00084905D /* AppDelegate.m */ = {isa = PBXFileReference; lastKnownFileType = sourcecode.c.objc; path = AppDelegate.m; sourceTree = "<group>"; };
		0D8810B31E647CC00084905D /* ViewController.h */ = {isa = PBXFileReference; lastKnownFileType = sourcecode.c.h; path = ViewController.h; sourceTree = "<group>"; };
		0D8810B41E647CC00084905D /* ViewController.m */ = {isa = PBXFileReference; lastKnownFileType = sourcecode.c.objc; path = ViewController.m; sourceTree = "<group>"; };
		0D8810B71E647CC00084905D /* Base */ = {isa = PBXFileReference; lastKnownFileType = file.storyboard; name = Base; path = Base.lproj/Main.storyboard; sourceTree = "<group>"; };
		0D8810BC1E647CC00084905D /* Base */ = {isa = PBXFileReference; lastKnownFileType = file.storyboard; name = Base; path = Base.lproj/LaunchScreen.storyboard; sourceTree = "<group>"; };
		0D8810BE1E647CC00084905D /* Info.plist */ = {isa = PBXFileReference; lastKnownFileType = text.plist.xml; path = Info.plist; sourceTree = "<group>"; };
		0DED319E1E683E83004DE806 /* Assets.xcassets */ = {isa = PBXFileReference; lastKnownFileType = folder.assetcatalog; path = Assets.xcassets; sourceTree = "<group>"; };
/* End PBXFileReference section */

/* Begin PBXFrameworksBuildPhase section */
		0D8810A71E647CC00084905D /* Frameworks */ = {
			isa = PBXFrameworksBuildPhase;
			buildActionMask = 2147483647;
			files = (
			);
			runOnlyForDeploymentPostprocessing = 0;
		};
/* End PBXFrameworksBuildPhase section */

/* Begin PBXGroup section */
		0D8810A11E647CC00084905D = {
			isa = PBXGroup;
			children = (
				0D8810AC1E647CC00084905D /* DoorOpen */,
				0D8810AB1E647CC00084905D /* Products */,
			);
			sourceTree = "<group>";
		};
		0D8810AB1E647CC00084905D /* Products */ = {
			isa = PBXGroup;
			children = (
				0D8810AA1E647CC00084905D /* DoorOpen.app */,
			);
			name = Products;
			sourceTree = "<group>";
		};
		0D8810AC1E647CC00084905D /* DoorOpen */ = {
			isa = PBXGroup;
			children = (
				0D8810B01E647CC00084905D /* AppDelegate.h */,
				0D8810B11E647CC00084905D /* AppDelegate.m */,
				0D8810B31E647CC00084905D /* ViewController.h */,
				0D8810B41E647CC00084905D /* ViewController.m */,
				0D8810B61E647CC00084905D /* Main.storyboard */,
				0D8810BB1E647CC00084905D /* LaunchScreen.storyboard */,
				0D8810BE1E647CC00084905D /* Info.plist */,
				0DED319E1E683E83004DE806 /* Assets.xcassets */,
				0D8810AD1E647CC00084905D /* Supporting Files */,
			);
			path = DoorOpen;
			sourceTree = "<group>";
		};
		0D8810AD1E647CC00084905D /* Supporting Files */ = {
			isa = PBXGroup;
			children = (
				0D8810AE1E647CC00084905D /* main.m */,
			);
			name = "Supporting Files";
			sourceTree = "<group>";
		};
/* End PBXGroup section */

/* Begin PBXNativeTarget section */
		0D8810A91E647CC00084905D /* DoorOpen */ = {
			isa = PBXNativeTarget;
			buildConfigurationList = 0D8810C11E647CC00084905D /* Build configuration list for PBXNativeTarget "DoorOpen" */;
			buildPhases = (
				0D8810A61E647CC00084905D /* Sources */,
				0D8810A71E647CC00084905D /* Frameworks */,
				0D8810A81E647CC00084905D /* Resources */,
			);
			buildRules = (
			);
			dependencies = (
			);
			name = DoorOpen;
			productName = DoorOpen;
			productReference = 0D8810AA1E647CC00084905D /* DoorOpen.app */;
			productType = "com.apple.product-type.application";
		};
/* End PBXNativeTarget section */

/* Begin PBXProject section */
		0D8810A21E647CC00084905D /* Project object */ = {
			isa = PBXProject;
			attributes = {
				LastUpgradeCheck = 0820;
				ORGANIZATIONNAME = "Davide Ricci";
				TargetAttributes = {
					0D8810A91E647CC00084905D = {
						CreatedOnToolsVersion = 8.2.1;
						DevelopmentTeam = 34LRA54882;
						ProvisioningStyle = Automatic;
					};
				};
			};
			buildConfigurationList = 0D8810A51E647CC00084905D /* Build configuration list for PBXProject "DoorOpen" */;
			compatibilityVersion = "Xcode 3.2";
			developmentRegion = English;
			hasScannedForEncodings = 0;
			knownRegions = (
				en,
				Base,
			);
			mainGroup = 0D8810A11E647CC00084905D;
			productRefGroup = 0D8810AB1E647CC00084905D /* Products */;
			projectDirPath = "";
			projectRoot = "";
			targets = (
				0D8810A91E647CC00084905D /* DoorOpen */,
			);
		};
/* End PBXProject section */

/* Begin PBXResourcesBuildPhase section */
		0D8810A81E647CC00084905D /* Resources */ = {
			isa = PBXResourcesBuildPhase;
			buildActionMask = 2147483647;
			files = (
				0D8810BD1E647CC00084905D /* LaunchScreen.storyboard in Resources */,
				0DED319F1E683E83004DE806 /* Assets.xcassets in Resources */,
				0D8810B81E647CC00084905D /* Main.storyboard in Resources */,
			);
			runOnlyForDeploymentPostprocessing = 0;
		};
/* End PBXResourcesBuildPhase section */

/* Begin PBXSourcesBuildPhase section */
		0D8810A61E647CC00084905D /* Sources */ = {
			isa = PBXSourcesBuildPhase;
			buildActionMask = 2147483647;
			files = (
				0D8810B51E647CC00084905D /* ViewController.m in Sources */,
				0D8810B21E647CC00084905D /* AppDelegate.m in Sources */,
				0D8810AF1E647CC00084905D /* main.m in Sources */,
			);
			runOnlyForDeploymentPostprocessing = 0;
		};
/* End PBXSourcesBuildPhase section */

/* Begin PBXVariantGroup section */
		0D8810B61E647CC00084905D /* Main.storyboard */ = {
			isa = PBXVariantGroup;
			children = (
				0D8810B71E647CC00084905D /* Base */,
			);
			name = Main.storyboard;
			sourceTree = "<group>";
		};
		0D8810BB1E647CC00084905D /* LaunchScreen.storyboard */ = {
			isa = PBXVariantGroup;
			children = (
				0D8810BC1E647CC00084905D /* Base */,
			);
			name = LaunchScreen.storyboard;
			sourceTree = "<group>";
		};
/* End PBXVariantGroup section */

/* Begin XCBuildConfiguration section */
		0D8810BF1E647CC00084905D /* Debug */ = {
			isa = XCBuildConfiguration;
			buildSettings = {
				ALWAYS_SEARCH_USER_PATHS = NO;
				CLANG_ANALYZER_NONNULL = YES;
				CLANG_CXX_LANGUAGE_STANDARD = "gnu++0x";
				CLANG_CXX_LIBRARY = "libc++";
				CLANG_ENABLE_MODULES = YES;
				CLANG_ENABLE_OBJC_ARC = YES;
				CLANG_WARN_BOOL_CONVERSION = YES;
				CLANG_WARN_CONSTANT_CONVERSION = YES;
				CLANG_WARN_DIRECT_OBJC_ISA_USAGE = YES_ERROR;
				CLANG_WARN_DOCUMENTATION_COMMENTS = YES;
				CLANG_WARN_EMPTY_BODY = YES;
				CLANG_WARN_ENUM_CONVERSION = YES;
				CLANG_WARN_INFINITE_RECURSION = YES;
				CLANG_WARN_INT_CONVERSION = YES;
				CLANG_WARN_OBJC_ROOT_CLASS = YES_ERROR;
				CLANG_WARN_SUSPICIOUS_MOVE = YES;
				CLANG_WARN_UNREACHABLE_CODE = YES;
				CLANG_WARN__DUPLICATE_METHOD_MATCH = YES;
				"CODE_SIGN_IDENTITY[sdk=iphoneos*]" = "iPhone Developer";
				COPY_PHASE_STRIP = NO;
				DEBUG_INFORMATION_FORMAT = dwarf;
				ENABLE_STRICT_OBJC_MSGSEND = YES;
				ENABLE_TESTABILITY = YES;
				GCC_C_LANGUAGE_STANDARD = gnu99;
				GCC_DYNAMIC_NO_PIC = NO;
				GCC_NO_COMMON_BLOCKS = YES;
				GCC_OPTIMIZATION_LEVEL = 0;
				GCC_PREPROCESSOR_DEFINITIONS = (
					"DEBUG=1",
					"$(inherited)",
				);
				GCC_WARN_64_TO_32_BIT_CONVERSION = YES;
				GCC_WARN_ABOUT_RETURN_TYPE = YES_ERROR;
				GCC_WARN_UNDECLARED_SELECTOR = YES;
				GCC_WARN_UNINITIALIZED_AUTOS = YES_AGGRESSIVE;
				GCC_WARN_UNUSED_FUNCTION = YES;
				GCC_WARN_UNUSED_VARIABLE = YES;
				IPHONEOS_DEPLOYMENT_TARGET = 10.2;
				MTL_ENABLE_DEBUG_INFO = YES;
				ONLY_ACTIVE_ARCH = YES;
				SDKROOT = iphoneos;
			};
			name = Debug;
		};
		0D8810C01E647CC00084905D /* Release */ = {
			isa = XCBuildConfiguration;
			buildSettings = {
				ALWAYS_SEARCH_USER_PATHS = NO;
				CLANG_ANALYZER_NONNULL = YES;
				CLANG_CXX_LANGUAGE_STANDARD = "gnu++0x";
				CLANG_CXX_LIBRARY = "libc++";
				CLANG_ENABLE_MODULES = YES;
				CLANG_ENABLE_OBJC_ARC = YES;
				CLANG_WARN_BOOL_CONVERSION = YES;
				CLANG_WARN_CONSTANT_CONVERSION = YES;
				CLANG_WARN_DIRECT_OBJC_ISA_USAGE = YES_ERROR;
				CLANG_WARN_DOCUMENTATION_COMMENTS = YES;
				CLANG_WARN_EMPTY_BODY = YES;
				CLANG_WARN_ENUM_CONVERSION = YES;
				CLANG_WARN_INFINITE_RECURSION = YES;
				CLANG_WARN_INT_CONVERSION = YES;
				CLANG_WARN_OBJC_ROOT_CLASS = YES_ERROR;
				CLANG_WARN_SUSPICIOUS_MOVE = YES;
				CLANG_WARN_UNREACHABLE_CODE = YES;
				CLANG_WARN__DUPLICATE_METHOD_MATCH = YES;
				"CODE_SIGN_IDENTITY[sdk=iphoneos*]" = "iPhone Developer";
				COPY_PHASE_STRIP = NO;
				DEBUG_INFORMATION_FORMAT = "dwarf-with-dsym";
				ENABLE_NS_ASSERTIONS = NO;
				ENABLE_STRICT_OBJC_MSGSEND = YES;
				GCC_C_LANGUAGE_STANDARD = gnu99;
				GCC_NO_COMMON_BLOCKS = YES;
				GCC_WARN_64_TO_32_BIT_CONVERSION = YES;
				GCC_WARN_ABOUT_RETURN_TYPE = YES_ERROR;
				GCC_WARN_UNDECLARED_SELECTOR = YES;
				GCC_WARN_UNINITIALIZED_AUTOS = YES_AGGRESSIVE;
				GCC_WARN_UNUSED_FUNCTION = YES;
				GCC_WARN_UNUSED_VARIABLE = YES;
				IPHONEOS_DEPLOYMENT_TARGET = 10.2;
				MTL_ENABLE_DEBUG_INFO = NO;
				SDKROOT = iphoneos;
				VALIDATE_PRODUCT = YES;
			};
			name = Release;
		};
		0D8810C21E647CC00084905D /* Debug */ = {
			isa = XCBuildConfiguration;
			buildSettings = {
				ASSETCATALOG_COMPILER_APPICON_NAME = AppIcon;
				DEVELOPMENT_TEAM = 34LRA54882;
				INFOPLIST_FILE = DoorOpen/Info.plist;
				IPHONEOS_DEPLOYMENT_TARGET = 8.0;
				LD_RUNPATH_SEARCH_PATHS = "$(inherited) @executable_path/Frameworks";
				PRODUCT_BUNDLE_IDENTIFIER = com.lynxspa.DoorOpen;
				PRODUCT_NAME = "$(TARGET_NAME)";
			};
			name = Debug;
		};
		0D8810C31E647CC00084905D /* Release */ = {
			isa = XCBuildConfiguration;
			buildSettings = {
				ASSETCATALOG_COMPILER_APPICON_NAME = AppIcon;
				DEVELOPMENT_TEAM = 34LRA54882;
				INFOPLIST_FILE = DoorOpen/Info.plist;
				IPHONEOS_DEPLOYMENT_TARGET = 8.0;
				LD_RUNPATH_SEARCH_PATHS = "$(inherited) @executable_path/Frameworks";
				PRODUCT_BUNDLE_IDENTIFIER = com.lynxspa.DoorOpen;
				PRODUCT_NAME = "$(TARGET_NAME)";
			};
			name = Release;
		};
/* End XCBuildConfiguration section */

/* Begin XCConfigurationList section */
		0D8810A51E647CC00084905D /* Build configuration list for PBXProject "DoorOpen" */ = {
			isa = XCConfigurationList;
			buildConfigurations = (
				0D8810BF1E647CC00084905D /* Debug */,
				0D8810C01E647CC00084905D /* Release */,
			);
			defaultConfigurationIsVisible = 0;
			defaultConfigurationName = Release;
		};
		0D8810C11E647CC00084905D /* Build configuration list for PBXNativeTarget "DoorOpen" */ = {
			isa = XCConfigurationList;
			buildConfigurations = (
				0D8810C21E647CC00084905D /* Debug */,
				0D8810C31E647CC00084905D /* Release */,
			);
			defaultConfigurationIsVisible = 0;
			defaultConfigurationName = Release;
		};
/* End XCConfigurationList section */
	};
	rootObject = 0D8810A21E647CC00084905D /* Project object */;
}
